
Microsoft Visual Studio Solution File, Format Version 12.00
# Visual Studio Version 17
VisualStudioVersion = 17.5.33516.290
MinimumVisualStudioVersion = 10.0.40219.1
Project("{FAE04EC0-301F-11D3-BF4B-00C04F79EFBC}") = "KillZombies", "KillZombies.csproj", "{48D166B5-070C-4A7D-AB8B-CA3A569423AA}"
EndProject
Global
	GlobalSection(SolutionConfigurationPlatforms) = preSolution
		Debug|Any CPU = Debug|Any CPU
		Release|Any CPU = Release|Any CPU
	EndGlobalSection
	GlobalSection(ProjectConfigurationPlatforms) = postSolution
		{48D166B5-070C-4A7D-AB8B-CA3A569423AA}.Debug|Any CPU.ActiveCfg = Debug|Any CPU
		{48D166B5-070C-4A7D-AB8B-CA3A569423AA}.Debug|Any CPU.Build.0 = Debug|Any CPU
		{48D166B5-070C-4A7D-AB8B-CA3A569423AA}.Release|Any CPU.ActiveCfg = Release|Any CPU
		{48D166B5-070C-4A7D-AB8B-CA3A569423AA}.Release|Any CPU.Build.0 = Release|Any CPU
	EndGlobalSection
	GlobalSection(SolutionProperties) = preSolution
		HideSolutionNode = FALSE
	EndGlobalSection
	GlobalSection(ExtensibilityGlobals) = postSolution
		SolutionGuid = {61E60F0B-F6F9-4330-8FA9-BD461A6A5C55}
	EndGlobalSection
EndGlobal
